
Microsoft Visual Studio Solution File, Format Version 12.00
# Visual Studio Version 16
VisualStudioVersion = 16.0.31229.75
MinimumVisualStudioVersion = 10.0.40219.1
Project("{FAE04EC0-301F-11D3-BF4B-00C04F79EFBC}") = "MVC Countries Lab", "MVC Countries Lab\MVC Countries Lab.csproj", "{4354F571-70A8-4607-8639-B9D0AC12E223}"
EndProject
Global
	GlobalSection(SolutionConfigurationPlatforms) = preSolution
		Debug|Any CPU = Debug|Any CPU
		Release|Any CPU = Release|Any CPU
	EndGlobalSection
	GlobalSection(ProjectConfigurationPlatforms) = postSolution
		{4354F571-70A8-4607-8639-B9D0AC12E223}.Debug|Any CPU.ActiveCfg = Debug|Any CPU
		{4354F571-70A8-4607-8639-B9D0AC12E223}.Debug|Any CPU.Build.0 = Debug|Any CPU
		{4354F571-70A8-4607-8639-B9D0AC12E223}.Release|Any CPU.ActiveCfg = Release|Any CPU
		{4354F571-70A8-4607-8639-B9D0AC12E223}.Release|Any CPU.Build.0 = Release|Any CPU
	EndGlobalSection
	GlobalSection(SolutionProperties) = preSolution
		HideSolutionNode = FALSE
	EndGlobalSection
	GlobalSection(ExtensibilityGlobals) = postSolution
		SolutionGuid = {C30FFB8F-44E8-47C4-B9A5-5EFAE20AFC27}
	EndGlobalSection
EndGlobal
